
Microsoft Visual Studio Solution File, Format Version 12.00
# Visual Studio 15
VisualStudioVersion = 15.0.27428.2043
MinimumVisualStudioVersion = 10.0.40219.1
Project("{FAE04EC0-301F-11D3-BF4B-00C04F79EFBC}") = "Subfactorials.Tests", "Subfactorials.Tests\Subfactorials.Tests.csproj", "{4C7A1B0A-B84A-4E4F-BED9-BE595E73124F}"
EndProject
Project("{FAE04EC0-301F-11D3-BF4B-00C04F79EFBC}") = "Subfactorials", "Subfactorials\Subfactorials.csproj", "{61C59E7F-377C-493D-8554-25D7D0B12B69}"
EndProject
Global
	GlobalSection(SolutionConfigurationPlatforms) = preSolution
		Debug|Any CPU = Debug|Any CPU
		Release|Any CPU = Release|Any CPU
	EndGlobalSection
	GlobalSection(ProjectConfigurationPlatforms) = postSolution
		{4C7A1B0A-B84A-4E4F-BED9-BE595E73124F}.Debug|Any CPU.ActiveCfg = Debug|Any CPU
		{4C7A1B0A-B84A-4E4F-BED9-BE595E73124F}.Debug|Any CPU.Build.0 = Debug|Any CPU
		{4C7A1B0A-B84A-4E4F-BED9-BE595E73124F}.Release|Any CPU.ActiveCfg = Release|Any CPU
		{4C7A1B0A-B84A-4E4F-BED9-BE595E73124F}.Release|Any CPU.Build.0 = Release|Any CPU
		{61C59E7F-377C-493D-8554-25D7D0B12B69}.Debug|Any CPU.ActiveCfg = Debug|Any CPU
		{61C59E7F-377C-493D-8554-25D7D0B12B69}.Debug|Any CPU.Build.0 = Debug|Any CPU
		{61C59E7F-377C-493D-8554-25D7D0B12B69}.Release|Any CPU.ActiveCfg = Release|Any CPU
		{61C59E7F-377C-493D-8554-25D7D0B12B69}.Release|Any CPU.Build.0 = Release|Any CPU
	EndGlobalSection
	GlobalSection(SolutionProperties) = preSolution
		HideSolutionNode = FALSE
	EndGlobalSection
	GlobalSection(ExtensibilityGlobals) = postSolution
		SolutionGuid = {CD087FEA-7BB1-4424-8174-2743AEFA2A03}
	EndGlobalSection
EndGlobal
